{
  "version": 4,
  "terraform_version": "1.13.5",
  "serial": 3,
  "lineage": "9346a7e4-e174-d262-2e7c-aea986fe39b9",
  "outputs": {
    "builder_role_arn": {
      "value": "arn:aws:iam::374288915535:role/Introspect2BBuilderRole",
      "type": "string"
    }
  },
  "resources": [
    {
      "mode": "data",
      "type": "aws_caller_identity",
      "name": "current",
      "provider": "provider[\"registry.terraform.io/hashicorp/aws\"]",
      "instances": [
        {
          "schema_version": 0,
          "attributes": {
            "account_id": "374288915535",
            "arn": "arn:aws:iam::374288915535:user/c04-vlabuser180@stackroute.in",
            "id": "374288915535",
            "user_id": "AIDAVOJK3TRHYMX43TOII"
          },
          "sensitive_attributes": [],
          "identity_schema_version": 0
        }
      ]
    },
    {
      "mode": "data",
      "type": "aws_iam_policy",
      "name": "administrator_access",
      "provider": "provider[\"registry.terraform.io/hashicorp/aws\"]",
      "instances": [
        {
          "schema_version": 0,
          "attributes": {
            "arn": "arn:aws:iam::aws:policy/AdministratorAccess",
            "attachment_count": 0,
            "description": "Provides full access to AWS services and resources.",
            "id": "arn:aws:iam::aws:policy/AdministratorAccess",
            "name": "AdministratorAccess",
            "path": "/",
            "path_prefix": null,
            "policy": "{\"Statement\":[{\"Action\":\"*\",\"Effect\":\"Allow\",\"Resource\":\"*\"}],\"Version\":\"2012-10-17\"}",
            "policy_id": "ANPAIWMBCKSKIEE64ZLYK",
            "tags": {}
          },
          "sensitive_attributes": [],
          "identity_schema_version": 0
        }
      ]
    },
    {
      "mode": "managed",
      "type": "aws_iam_role",
      "name": "builder_role",
      "provider": "provider[\"registry.terraform.io/hashicorp/aws\"]",
      "instances": [
        {
          "schema_version": 0,
          "attributes": {
            "arn": "arn:aws:iam::374288915535:role/Introspect2BBuilderRole",
            "assume_role_policy": "{\"Statement\":[{\"Action\":\"sts:AssumeRole\",\"Effect\":\"Allow\",\"Principal\":{\"AWS\":[\"arn:aws:iam::374288915535:root\",\"arn:aws:iam::374288915535:user/c04-vlabuser180@stackroute.in\"]}}],\"Version\":\"2012-10-17\"}",
            "create_date": "2026-02-18T07:29:38Z",
            "description": "",
            "force_detach_policies": false,
            "id": "Introspect2BBuilderRole",
            "inline_policy": [],
            "managed_policy_arns": [],
            "max_session_duration": 3600,
            "name": "Introspect2BBuilderRole",
            "name_prefix": "",
            "path": "/",
            "permissions_boundary": "",
            "tags": null,
            "tags_all": {},
            "unique_id": "AROAVOJK3TRH3CWRSZDE4"
          },
          "sensitive_attributes": [],
          "identity_schema_version": 0,
          "identity": {
            "account_id": "374288915535",
            "name": "Introspect2BBuilderRole"
          },
          "private": "bnVsbA==",
          "dependencies": [
            "data.aws_caller_identity.current"
          ]
        }
      ]
    },
    {
      "mode": "managed",
      "type": "aws_iam_role_policy_attachment",
      "name": "builder_role_admin_policy",
      "provider": "provider[\"registry.terraform.io/hashicorp/aws\"]",
      "instances": [
        {
          "schema_version": 0,
          "attributes": {
            "id": "Introspect2BBuilderRole/arn:aws:iam::aws:policy/AdministratorAccess",
            "policy_arn": "arn:aws:iam::aws:policy/AdministratorAccess",
            "role": "Introspect2BBuilderRole"
          },
          "sensitive_attributes": [],
          "identity_schema_version": 0,
          "identity": {
            "account_id": "374288915535",
            "policy_arn": "arn:aws:iam::aws:policy/AdministratorAccess",
            "role": "Introspect2BBuilderRole"
          },
          "private": "bnVsbA==",
          "dependencies": [
            "aws_iam_role.builder_role",
            "data.aws_caller_identity.current",
            "data.aws_iam_policy.administrator_access"
          ]
        }
      ]
    }
  ],
  "check_results": null
}
